
Microsoft Visual Studio Solution File, Format Version 12.00
# Visual Studio Version 17
VisualStudioVersion = 17.13.35825.156 d17.13
MinimumVisualStudioVersion = 10.0.40219.1
Project("{FAE04EC0-301F-11D3-BF4B-00C04F79EFBC}") = "trialszxc", "trialszxc\trialszxc.csproj", "{3CA46A5C-FDFF-4669-BD42-B4CF7031470A}"
EndProject
Global
	GlobalSection(SolutionConfigurationPlatforms) = preSolution
		Debug|Any CPU = Debug|Any CPU
		Release|Any CPU = Release|Any CPU
	EndGlobalSection
	GlobalSection(ProjectConfigurationPlatforms) = postSolution
		{3CA46A5C-FDFF-4669-BD42-B4CF7031470A}.Debug|Any CPU.ActiveCfg = Debug|Any CPU
		{3CA46A5C-FDFF-4669-BD42-B4CF7031470A}.Debug|Any CPU.Build.0 = Debug|Any CPU
		{3CA46A5C-FDFF-4669-BD42-B4CF7031470A}.Release|Any CPU.ActiveCfg = Release|Any CPU
		{3CA46A5C-FDFF-4669-BD42-B4CF7031470A}.Release|Any CPU.Build.0 = Release|Any CPU
	EndGlobalSection
	GlobalSection(SolutionProperties) = preSolution
		HideSolutionNode = FALSE
	EndGlobalSection
	GlobalSection(ExtensibilityGlobals) = postSolution
		SolutionGuid = {B3EF572B-284D-4DBA-8C0C-9A4C165C2570}
	EndGlobalSection
EndGlobal
